// !$*UTF8*$!
{
	archiveVersion = 1;
	classes = {
	};
	objectVersion = 50;
	objects = {

/* Begin PBXBuildFile section */
		805FC49A22A3542D00E79C71 /* TvEpisode.swift in Sources */ = {isa = PBXBuildFile; fileRef = 805FC49922A3542C00E79C71 /* TvEpisode.swift */; };
		80C620D22180C985007F20F4 /* mp4SearchAndWrite in CopyFiles */ = {isa = PBXBuildFile; fileRef = 80C74CD6213F31F700D5315A /* mp4SearchAndWrite */; settings = {ATTRIBUTES = (CodeSignOnCopy, ); }; };
		80C620D42180C99F007F20F4 /* mp4SearchAndWrite in CopyFiles */ = {isa = PBXBuildFile; fileRef = 80C74CD6213F31F700D5315A /* mp4SearchAndWrite */; settings = {ATTRIBUTES = (CodeSignOnCopy, ); }; };
		80C74CDA213F31F700D5315A /* main.swift in Sources */ = {isa = PBXBuildFile; fileRef = 80C74CD9213F31F700D5315A /* main.swift */; };
		80C74CE1213F31FD00D5315A /* ConsoleIO.swift in Sources */ = {isa = PBXBuildFile; fileRef = 80C74CE0213F31FD00D5315A /* ConsoleIO.swift */; };
		80C74CE3213F322F00D5315A /* Mp4SearchAndWrite.swift in Sources */ = {isa = PBXBuildFile; fileRef = 80C74CE2213F322F00D5315A /* Mp4SearchAndWrite.swift */; };
		80C74CE5213F36C100D5315A /* Search.swift in Sources */ = {isa = PBXBuildFile; fileRef = 80C74CE4213F36C100D5315A /* Search.swift */; };
		80C74CE7213F82C200D5315A /* Movie.swift in Sources */ = {isa = PBXBuildFile; fileRef = 80C74CE6213F82C200D5315A /* Movie.swift */; };
		80FEA80B214B03BE00816107 /* Helpers.swift in Sources */ = {isa = PBXBuildFile; fileRef = 80FEA80A214B03BE00816107 /* Helpers.swift */; };
/* End PBXBuildFile section */

/* Begin PBXCopyFilesBuildPhase section */
		80C620D32180C98C007F20F4 /* CopyFiles */ = {
			isa = PBXCopyFilesBuildPhase;
			buildActionMask = 2147483647;
			dstPath = "${PROJECT_DIR}/binaries";
			dstSubfolderSpec = 0;
			files = (
				80C620D42180C99F007F20F4 /* mp4SearchAndWrite in CopyFiles */,
			);
			runOnlyForDeploymentPostprocessing = 0;
		};
		80C74CD4213F31F700D5315A /* CopyFiles */ = {
			isa = PBXCopyFilesBuildPhase;
			buildActionMask = 12;
			dstPath = /usr/local/bin;
			dstSubfolderSpec = 0;
			files = (
				80C620D22180C985007F20F4 /* mp4SearchAndWrite in CopyFiles */,
			);
			runOnlyForDeploymentPostprocessing = 0;
		};
/* End PBXCopyFilesBuildPhase section */

/* Begin PBXFileReference section */
		805FC49922A3542C00E79C71 /* TvEpisode.swift */ = {isa = PBXFileReference; lastKnownFileType = sourcecode.swift; path = TvEpisode.swift; sourceTree = "<group>"; };
		80C74CD6213F31F700D5315A /* mp4SearchAndWrite */ = {isa = PBXFileReference; explicitFileType = "compiled.mach-o.executable"; includeInIndex = 0; path = mp4SearchAndWrite; sourceTree = BUILT_PRODUCTS_DIR; };
		80C74CD9213F31F700D5315A /* main.swift */ = {isa = PBXFileReference; lastKnownFileType = sourcecode.swift; path = main.swift; sourceTree = "<group>"; };
		80C74CE0213F31FD00D5315A /* ConsoleIO.swift */ = {isa = PBXFileReference; lastKnownFileType = sourcecode.swift; path = ConsoleIO.swift; sourceTree = "<group>"; };
		80C74CE2213F322F00D5315A /* Mp4SearchAndWrite.swift */ = {isa = PBXFileReference; lastKnownFileType = sourcecode.swift; path = Mp4SearchAndWrite.swift; sourceTree = "<group>"; };
		80C74CE4213F36C100D5315A /* Search.swift */ = {isa = PBXFileReference; lastKnownFileType = sourcecode.swift; path = Search.swift; sourceTree = "<group>"; };
		80C74CE6213F82C200D5315A /* Movie.swift */ = {isa = PBXFileReference; lastKnownFileType = sourcecode.swift; path = Movie.swift; sourceTree = "<group>"; };
		80FEA80A214B03BE00816107 /* Helpers.swift */ = {isa = PBXFileReference; lastKnownFileType = sourcecode.swift; path = Helpers.swift; sourceTree = "<group>"; };
/* End PBXFileReference section */

/* Begin PBXFrameworksBuildPhase section */
		80C74CD3213F31F700D5315A /* Frameworks */ = {
			isa = PBXFrameworksBuildPhase;
			buildActionMask = 2147483647;
			files = (
			);
			runOnlyForDeploymentPostprocessing = 0;
		};
/* End PBXFrameworksBuildPhase section */

/* Begin PBXGroup section */
		80C74CCD213F31F700D5315A = {
			isa = PBXGroup;
			children = (
				80C74CD8213F31F700D5315A /* mp4SearchAndWrite */,
				80C74CD7213F31F700D5315A /* Products */,
			);
			sourceTree = "<group>";
		};
		80C74CD7213F31F700D5315A /* Products */ = {
			isa = PBXGroup;
			children = (
				80C74CD6213F31F700D5315A /* mp4SearchAndWrite */,
			);
			name = Products;
			sourceTree = "<group>";
		};
		80C74CD8213F31F700D5315A /* mp4SearchAndWrite */ = {
			isa = PBXGroup;
			children = (
				80C74CE0213F31FD00D5315A /* ConsoleIO.swift */,
				80C74CE2213F322F00D5315A /* Mp4SearchAndWrite.swift */,
				80C74CD9213F31F700D5315A /* main.swift */,
				80FEA80A214B03BE00816107 /* Helpers.swift */,
				80C74CE4213F36C100D5315A /* Search.swift */,
				80C74CE6213F82C200D5315A /* Movie.swift */,
				805FC49922A3542C00E79C71 /* TvEpisode.swift */,
			);
			path = mp4SearchAndWrite;
			sourceTree = "<group>";
		};
/* End PBXGroup section */

/* Begin PBXNativeTarget section */
		80C74CD5213F31F700D5315A /* mp4SearchAndWrite */ = {
			isa = PBXNativeTarget;
			buildConfigurationList = 80C74CDD213F31F700D5315A /* Build configuration list for PBXNativeTarget "mp4SearchAndWrite" */;
			buildPhases = (
				80C74CD2213F31F700D5315A /* Sources */,
				80C74CD3213F31F700D5315A /* Frameworks */,
				80C74CD4213F31F700D5315A /* CopyFiles */,
				80C620D32180C98C007F20F4 /* CopyFiles */,
			);
			buildRules = (
			);
			dependencies = (
			);
			name = mp4SearchAndWrite;
			productName = mp4SearchAndWrite;
			productReference = 80C74CD6213F31F700D5315A /* mp4SearchAndWrite */;
			productType = "com.apple.product-type.tool";
		};
/* End PBXNativeTarget section */

/* Begin PBXProject section */
		80C74CCE213F31F700D5315A /* Project object */ = {
			isa = PBXProject;
			attributes = {
				LastSwiftUpdateCheck = 0940;
				LastUpgradeCheck = 0940;
				ORGANIZATIONNAME = "Kyle Grieder";
				TargetAttributes = {
					80C74CD5213F31F700D5315A = {
						CreatedOnToolsVersion = 9.4.1;
					};
				};
			};
			buildConfigurationList = 80C74CD1213F31F700D5315A /* Build configuration list for PBXProject "mp4SearchAndWrite" */;
			compatibilityVersion = "Xcode 9.3";
			developmentRegion = en;
			hasScannedForEncodings = 0;
			knownRegions = (
				en,
			);
			mainGroup = 80C74CCD213F31F700D5315A;
			productRefGroup = 80C74CD7213F31F700D5315A /* Products */;
			projectDirPath = "";
			projectRoot = "";
			targets = (
				80C74CD5213F31F700D5315A /* mp4SearchAndWrite */,
			);
		};
/* End PBXProject section */

/* Begin PBXSourcesBuildPhase section */
		80C74CD2213F31F700D5315A /* Sources */ = {
			isa = PBXSourcesBuildPhase;
			buildActionMask = 2147483647;
			files = (
				80C74CDA213F31F700D5315A /* main.swift in Sources */,
				80FEA80B214B03BE00816107 /* Helpers.swift in Sources */,
				805FC49A22A3542D00E79C71 /* TvEpisode.swift in Sources */,
				80C74CE5213F36C100D5315A /* Search.swift in Sources */,
				80C74CE1213F31FD00D5315A /* ConsoleIO.swift in Sources */,
				80C74CE3213F322F00D5315A /* Mp4SearchAndWrite.swift in Sources */,
				80C74CE7213F82C200D5315A /* Movie.swift in Sources */,
			);
			runOnlyForDeploymentPostprocessing = 0;
		};
/* End PBXSourcesBuildPhase section */

/* Begin XCBuildConfiguration section */
		80C74CDB213F31F700D5315A /* Debug */ = {
			isa = XCBuildConfiguration;
			buildSettings = {
				ALWAYS_SEARCH_USER_PATHS = NO;
				CLANG_ANALYZER_NONNULL = YES;
				CLANG_ANALYZER_NUMBER_OBJECT_CONVERSION = YES_AGGRESSIVE;
				CLANG_CXX_LANGUAGE_STANDARD = "gnu++14";
				CLANG_CXX_LIBRARY = "libc++";
				CLANG_ENABLE_MODULES = YES;
				CLANG_ENABLE_OBJC_ARC = YES;
				CLANG_ENABLE_OBJC_WEAK = YES;
				CLANG_WARN_BLOCK_CAPTURE_AUTORELEASING = YES;
				CLANG_WARN_BOOL_CONVERSION = YES;
				CLANG_WARN_COMMA = YES;
				CLANG_WARN_CONSTANT_CONVERSION = YES;
				CLANG_WARN_DEPRECATED_OBJC_IMPLEMENTATIONS = YES;
				CLANG_WARN_DIRECT_OBJC_ISA_USAGE = YES_ERROR;
				CLANG_WARN_DOCUMENTATION_COMMENTS = YES;
				CLANG_WARN_EMPTY_BODY = YES;
				CLANG_WARN_ENUM_CONVERSION = YES;
				CLANG_WARN_INFINITE_RECURSION = YES;
				CLANG_WARN_INT_CONVERSION = YES;
				CLANG_WARN_NON_LITERAL_NULL_CONVERSION = YES;
				CLANG_WARN_OBJC_IMPLICIT_RETAIN_SELF = YES;
				CLANG_WARN_OBJC_LITERAL_CONVERSION = YES;
				CLANG_WARN_OBJC_ROOT_CLASS = YES_ERROR;
				CLANG_WARN_RANGE_LOOP_ANALYSIS = YES;
				CLANG_WARN_STRICT_PROTOTYPES = YES;
				CLANG_WARN_SUSPICIOUS_MOVE = YES;
				CLANG_WARN_UNGUARDED_AVAILABILITY = YES_AGGRESSIVE;
				CLANG_WARN_UNREACHABLE_CODE = YES;
				CLANG_WARN__DUPLICATE_METHOD_MATCH = YES;
				CODE_SIGN_IDENTITY = "Mac Developer";
				COPY_PHASE_STRIP = NO;
				DEBUG_INFORMATION_FORMAT = dwarf;
				ENABLE_STRICT_OBJC_MSGSEND = YES;
				ENABLE_TESTABILITY = YES;
				GCC_C_LANGUAGE_STANDARD = gnu11;
				GCC_DYNAMIC_NO_PIC = NO;
				GCC_NO_COMMON_BLOCKS = YES;
				GCC_OPTIMIZATION_LEVEL = 0;
				GCC_PREPROCESSOR_DEFINITIONS = (
					"DEBUG=1",
					"$(inherited)",
				);
				GCC_WARN_64_TO_32_BIT_CONVERSION = YES;
				GCC_WARN_ABOUT_RETURN_TYPE = YES_ERROR;
				GCC_WARN_UNDECLARED_SELECTOR = YES;
				GCC_WARN_UNINITIALIZED_AUTOS = YES_AGGRESSIVE;
				GCC_WARN_UNUSED_FUNCTION = YES;
				GCC_WARN_UNUSED_VARIABLE = YES;
				MACOSX_DEPLOYMENT_TARGET = 10.13;
				MTL_ENABLE_DEBUG_INFO = YES;
				ONLY_ACTIVE_ARCH = YES;
				SDKROOT = macosx;
				SWIFT_ACTIVE_COMPILATION_CONDITIONS = DEBUG;
				SWIFT_OPTIMIZATION_LEVEL = "-Onone";
			};
			name = Debug;
		};
		80C74CDC213F31F700D5315A /* Release */ = {
			isa = XCBuildConfiguration;
			buildSettings = {
				ALWAYS_SEARCH_USER_PATHS = NO;
				CLANG_ANALYZER_NONNULL = YES;
				CLANG_ANALYZER_NUMBER_OBJECT_CONVERSION = YES_AGGRESSIVE;
				CLANG_CXX_LANGUAGE_STANDARD = "gnu++14";
				CLANG_CXX_LIBRARY = "libc++";
				CLANG_ENABLE_MODULES = YES;
				CLANG_ENABLE_OBJC_ARC = YES;
				CLANG_ENABLE_OBJC_WEAK = YES;
				CLANG_WARN_BLOCK_CAPTURE_AUTORELEASING = YES;
				CLANG_WARN_BOOL_CONVERSION = YES;
				CLANG_WARN_COMMA = YES;
				CLANG_WARN_CONSTANT_CONVERSION = YES;
				CLANG_WARN_DEPRECATED_OBJC_IMPLEMENTATIONS = YES;
				CLANG_WARN_DIRECT_OBJC_ISA_USAGE = YES_ERROR;
				CLANG_WARN_DOCUMENTATION_COMMENTS = YES;
				CLANG_WARN_EMPTY_BODY = YES;
				CLANG_WARN_ENUM_CONVERSION = YES;
				CLANG_WARN_INFINITE_RECURSION = YES;
				CLANG_WARN_INT_CONVERSION = YES;
				CLANG_WARN_NON_LITERAL_NULL_CONVERSION = YES;
				CLANG_WARN_OBJC_IMPLICIT_RETAIN_SELF = YES;
				CLANG_WARN_OBJC_LITERAL_CONVERSION = YES;
				CLANG_WARN_OBJC_ROOT_CLASS = YES_ERROR;
				CLANG_WARN_RANGE_LOOP_ANALYSIS = YES;
				CLANG_WARN_STRICT_PROTOTYPES = YES;
				CLANG_WARN_SUSPICIOUS_MOVE = YES;
				CLANG_WARN_UNGUARDED_AVAILABILITY = YES_AGGRESSIVE;
				CLANG_WARN_UNREACHABLE_CODE = YES;
				CLANG_WARN__DUPLICATE_METHOD_MATCH = YES;
				CODE_SIGN_IDENTITY = "Mac Developer";
				COPY_PHASE_STRIP = NO;
				DEBUG_INFORMATION_FORMAT = "dwarf-with-dsym";
				ENABLE_NS_ASSERTIONS = NO;
				ENABLE_STRICT_OBJC_MSGSEND = YES;
				GCC_C_LANGUAGE_STANDARD = gnu11;
				GCC_NO_COMMON_BLOCKS = YES;
				GCC_WARN_64_TO_32_BIT_CONVERSION = YES;
				GCC_WARN_ABOUT_RETURN_TYPE = YES_ERROR;
				GCC_WARN_UNDECLARED_SELECTOR = YES;
				GCC_WARN_UNINITIALIZED_AUTOS = YES_AGGRESSIVE;
				GCC_WARN_UNUSED_FUNCTION = YES;
				GCC_WARN_UNUSED_VARIABLE = YES;
				MACOSX_DEPLOYMENT_TARGET = 10.13;
				MTL_ENABLE_DEBUG_INFO = NO;
				SDKROOT = macosx;
				SWIFT_COMPILATION_MODE = wholemodule;
				SWIFT_OPTIMIZATION_LEVEL = "-O";
			};
			name = Release;
		};
		80C74CDE213F31F700D5315A /* Debug */ = {
			isa = XCBuildConfiguration;
			buildSettings = {
				CODE_SIGN_STYLE = Automatic;
				DEVELOPMENT_TEAM = 4GG4434UG2;
				PRODUCT_NAME = "$(TARGET_NAME)";
				STRIP_INSTALLED_PRODUCT = YES;
				SWIFT_VERSION = 4.0;
			};
			name = Debug;
		};
		80C74CDF213F31F700D5315A /* Release */ = {
			isa = XCBuildConfiguration;
			buildSettings = {
				CODE_SIGN_STYLE = Automatic;
				DEVELOPMENT_TEAM = 4GG4434UG2;
				PRODUCT_NAME = "$(TARGET_NAME)";
				STRIP_INSTALLED_PRODUCT = YES;
				SWIFT_VERSION = 4.0;
			};
			name = Release;
		};
/* End XCBuildConfiguration section */

/* Begin XCConfigurationList section */
		80C74CD1213F31F700D5315A /* Build configuration list for PBXProject "mp4SearchAndWrite" */ = {
			isa = XCConfigurationList;
			buildConfigurations = (
				80C74CDB213F31F700D5315A /* Debug */,
				80C74CDC213F31F700D5315A /* Release */,
			);
			defaultConfigurationIsVisible = 0;
			defaultConfigurationName = Release;
		};
		80C74CDD213F31F700D5315A /* Build configuration list for PBXNativeTarget "mp4SearchAndWrite" */ = {
			isa = XCConfigurationList;
			buildConfigurations = (
				80C74CDE213F31F700D5315A /* Debug */,
				80C74CDF213F31F700D5315A /* Release */,
			);
			defaultConfigurationIsVisible = 0;
			defaultConfigurationName = Release;
		};
/* End XCConfigurationList section */
	};
	rootObject = 80C74CCE213F31F700D5315A /* Project object */;
}
